
Microsoft Visual Studio Solution File, Format Version 12.00
# Visual Studio Version 17
VisualStudioVersion = 17.2.32616.157
MinimumVisualStudioVersion = 10.0.40219.1
Project("{9A19103F-16F7-4668-BE54-9A1E7A4F7556}") = "HamsterWarsAPI", "HamsterWarsAPI\HamsterWarsAPI.csproj", "{62672248-C512-4705-8D17-D133EAAB6064}"
EndProject
Project("{9A19103F-16F7-4668-BE54-9A1E7A4F7556}") = "Contracts", "Contracts\Contracts.csproj", "{ED89372C-6BC3-41B2-B756-ADE7A2EBFB5C}"
EndProject
Project("{9A19103F-16F7-4668-BE54-9A1E7A4F7556}") = "LoggerService", "LoggerService\LoggerService.csproj", "{30B4256F-F3D7-460B-9A20-EC787F228101}"
EndProject
Project("{9A19103F-16F7-4668-BE54-9A1E7A4F7556}") = "Entities", "Entities\Entities.csproj", "{CED65386-2CC3-4EF7-8F57-B7ED4476EDD3}"
EndProject
Project("{9A19103F-16F7-4668-BE54-9A1E7A4F7556}") = "Repository", "Repository\Repository.csproj", "{72A27FAE-2124-4CC4-95EC-7E94B9E79E7B}"
EndProject
Project("{9A19103F-16F7-4668-BE54-9A1E7A4F7556}") = "Service.Contracts", "Service.Contracts\Service.Contracts.csproj", "{654D68D3-AB2E-42C9-9031-EAA24DFD92FA}"
EndProject
Project("{9A19103F-16F7-4668-BE54-9A1E7A4F7556}") = "Service", "Service\Service.csproj", "{777D190C-573F-4C28-A45E-32BD292B9197}"
EndProject
Project("{9A19103F-16F7-4668-BE54-9A1E7A4F7556}") = "HamsterWars.Presentation", "HamsterWars.Presentation\HamsterWars.Presentation.csproj", "{F7CA3A5A-93D5-4ABE-837C-82317101B88E}"
EndProject
Project("{9A19103F-16F7-4668-BE54-9A1E7A4F7556}") = "SharedHelpers", "SharedHelpers\SharedHelpers.csproj", "{C0B7741F-23F9-45EC-9BAC-998C0C0B83C4}"
EndProject
Project("{FAE04EC0-301F-11D3-BF4B-00C04F79EFBC}") = "HamsterWarsAPI.UI", "HamsterWarsAPI.UI\HamsterWarsAPI.UI.csproj", "{D10B8519-0E4D-4211-9101-3864DCB4B7EE}"
EndProject
Global
	GlobalSection(SolutionConfigurationPlatforms) = preSolution
		Debug|Any CPU = Debug|Any CPU
		Release|Any CPU = Release|Any CPU
	EndGlobalSection
	GlobalSection(ProjectConfigurationPlatforms) = postSolution
		{62672248-C512-4705-8D17-D133EAAB6064}.Debug|Any CPU.ActiveCfg = Debug|Any CPU
		{62672248-C512-4705-8D17-D133EAAB6064}.Debug|Any CPU.Build.0 = Debug|Any CPU
		{62672248-C512-4705-8D17-D133EAAB6064}.Release|Any CPU.ActiveCfg = Release|Any CPU
		{62672248-C512-4705-8D17-D133EAAB6064}.Release|Any CPU.Build.0 = Release|Any CPU
		{ED89372C-6BC3-41B2-B756-ADE7A2EBFB5C}.Debug|Any CPU.ActiveCfg = Debug|Any CPU
		{ED89372C-6BC3-41B2-B756-ADE7A2EBFB5C}.Debug|Any CPU.Build.0 = Debug|Any CPU
		{ED89372C-6BC3-41B2-B756-ADE7A2EBFB5C}.Release|Any CPU.ActiveCfg = Release|Any CPU
		{ED89372C-6BC3-41B2-B756-ADE7A2EBFB5C}.Release|Any CPU.Build.0 = Release|Any CPU
		{30B4256F-F3D7-460B-9A20-EC787F228101}.Debug|Any CPU.ActiveCfg = Debug|Any CPU
		{30B4256F-F3D7-460B-9A20-EC787F228101}.Debug|Any CPU.Build.0 = Debug|Any CPU
		{30B4256F-F3D7-460B-9A20-EC787F228101}.Release|Any CPU.ActiveCfg = Release|Any CPU
		{30B4256F-F3D7-460B-9A20-EC787F228101}.Release|Any CPU.Build.0 = Release|Any CPU
		{CED65386-2CC3-4EF7-8F57-B7ED4476EDD3}.Debug|Any CPU.ActiveCfg = Debug|Any CPU
		{CED65386-2CC3-4EF7-8F57-B7ED4476EDD3}.Debug|Any CPU.Build.0 = Debug|Any CPU
		{CED65386-2CC3-4EF7-8F57-B7ED4476EDD3}.Release|Any CPU.ActiveCfg = Release|Any CPU
		{CED65386-2CC3-4EF7-8F57-B7ED4476EDD3}.Release|Any CPU.Build.0 = Release|Any CPU
		{72A27FAE-2124-4CC4-95EC-7E94B9E79E7B}.Debug|Any CPU.ActiveCfg = Debug|Any CPU
		{72A27FAE-2124-4CC4-95EC-7E94B9E79E7B}.Debug|Any CPU.Build.0 = Debug|Any CPU
		{72A27FAE-2124-4CC4-95EC-7E94B9E79E7B}.Release|Any CPU.ActiveCfg = Release|Any CPU
		{72A27FAE-2124-4CC4-95EC-7E94B9E79E7B}.Release|Any CPU.Build.0 = Release|Any CPU
		{654D68D3-AB2E-42C9-9031-EAA24DFD92FA}.Debug|Any CPU.ActiveCfg = Debug|Any CPU
		{654D68D3-AB2E-42C9-9031-EAA24DFD92FA}.Debug|Any CPU.Build.0 = Debug|Any CPU
		{654D68D3-AB2E-42C9-9031-EAA24DFD92FA}.Release|Any CPU.ActiveCfg = Release|Any CPU
		{654D68D3-AB2E-42C9-9031-EAA24DFD92FA}.Release|Any CPU.Build.0 = Release|Any CPU
		{777D190C-573F-4C28-A45E-32BD292B9197}.Debug|Any CPU.ActiveCfg = Debug|Any CPU
		{777D190C-573F-4C28-A45E-32BD292B9197}.Debug|Any CPU.Build.0 = Debug|Any CPU
		{777D190C-573F-4C28-A45E-32BD292B9197}.Release|Any CPU.ActiveCfg = Release|Any CPU
		{777D190C-573F-4C28-A45E-32BD292B9197}.Release|Any CPU.Build.0 = Release|Any CPU
		{F7CA3A5A-93D5-4ABE-837C-82317101B88E}.Debug|Any CPU.ActiveCfg = Debug|Any CPU
		{F7CA3A5A-93D5-4ABE-837C-82317101B88E}.Debug|Any CPU.Build.0 = Debug|Any CPU
		{F7CA3A5A-93D5-4ABE-837C-82317101B88E}.Release|Any CPU.ActiveCfg = Release|Any CPU
		{F7CA3A5A-93D5-4ABE-837C-82317101B88E}.Release|Any CPU.Build.0 = Release|Any CPU
		{C0B7741F-23F9-45EC-9BAC-998C0C0B83C4}.Debug|Any CPU.ActiveCfg = Debug|Any CPU
		{C0B7741F-23F9-45EC-9BAC-998C0C0B83C4}.Debug|Any CPU.Build.0 = Debug|Any CPU
		{C0B7741F-23F9-45EC-9BAC-998C0C0B83C4}.Release|Any CPU.ActiveCfg = Release|Any CPU
		{C0B7741F-23F9-45EC-9BAC-998C0C0B83C4}.Release|Any CPU.Build.0 = Release|Any CPU
		{D10B8519-0E4D-4211-9101-3864DCB4B7EE}.Debug|Any CPU.ActiveCfg = Debug|Any CPU
		{D10B8519-0E4D-4211-9101-3864DCB4B7EE}.Debug|Any CPU.Build.0 = Debug|Any CPU
		{D10B8519-0E4D-4211-9101-3864DCB4B7EE}.Release|Any CPU.ActiveCfg = Release|Any CPU
		{D10B8519-0E4D-4211-9101-3864DCB4B7EE}.Release|Any CPU.Build.0 = Release|Any CPU
	EndGlobalSection
	GlobalSection(SolutionProperties) = preSolution
		HideSolutionNode = FALSE
	EndGlobalSection
	GlobalSection(ExtensibilityGlobals) = postSolution
		SolutionGuid = {28154B6E-5E0C-4FC2-9506-BF94326CFF93}
	EndGlobalSection
EndGlobal
